// !$*UTF8*$!
{
	archiveVersion = 1;
	classes = {
	};
	objectVersion = 77;
	objects = {

/* Begin PBXContainerItemProxy section */
		F9565AE02CD42620001B6364 /* PBXContainerItemProxy */ = {
			isa = PBXContainerItemProxy;
			containerPortal = F9565AC62CD4261E001B6364 /* Project object */;
			proxyType = 1;
			remoteGlobalIDString = F9565ACD2CD4261E001B6364;
			remoteInfo = FanMonitor;
		};
		F9565AEA2CD42620001B6364 /* PBXContainerItemProxy */ = {
			isa = PBXContainerItemProxy;
			containerPortal = F9565AC62CD4261E001B6364 /* Project object */;
			proxyType = 1;
			remoteGlobalIDString = F9565ACD2CD4261E001B6364;
			remoteInfo = FanMonitor;
		};
/* End PBXContainerItemProxy section */

/* Begin PBXFileReference section */
		F9565ACE2CD4261E001B6364 /* FanMonitor.app */ = {isa = PBXFileReference; explicitFileType = wrapper.application; includeInIndex = 0; path = FanMonitor.app; sourceTree = BUILT_PRODUCTS_DIR; };
		F9565ADF2CD42620001B6364 /* FanMonitorTests.xctest */ = {isa = PBXFileReference; explicitFileType = wrapper.cfbundle; includeInIndex = 0; path = FanMonitorTests.xctest; sourceTree = BUILT_PRODUCTS_DIR; };
		F9565AE92CD42620001B6364 /* FanMonitorUITests.xctest */ = {isa = PBXFileReference; explicitFileType = wrapper.cfbundle; includeInIndex = 0; path = FanMonitorUITests.xctest; sourceTree = BUILT_PRODUCTS_DIR; };
/* End PBXFileReference section */

/* Begin PBXFileSystemSynchronizedRootGroup section */
		F9565AD02CD4261E001B6364 /* FanMonitor */ = {
			isa = PBXFileSystemSynchronizedRootGroup;
			path = FanMonitor;
			sourceTree = "<group>";
		};
		F9565AE22CD42620001B6364 /* FanMonitorTests */ = {
			isa = PBXFileSystemSynchronizedRootGroup;
			path = FanMonitorTests;
			sourceTree = "<group>";
		};
		F9565AEC2CD42620001B6364 /* FanMonitorUITests */ = {
			isa = PBXFileSystemSynchronizedRootGroup;
			path = FanMonitorUITests;
			sourceTree = "<group>";
		};
/* End PBXFileSystemSynchronizedRootGroup section */

/* Begin PBXFrameworksBuildPhase section */
		F9565ACB2CD4261E001B6364 /* Frameworks */ = {
			isa = PBXFrameworksBuildPhase;
			buildActionMask = 2147483647;
			files = (
			);
			runOnlyForDeploymentPostprocessing = 0;
		};
		F9565ADC2CD42620001B6364 /* Frameworks */ = {
			isa = PBXFrameworksBuildPhase;
			buildActionMask = 2147483647;
			files = (
			);
			runOnlyForDeploymentPostprocessing = 0;
		};
		F9565AE62CD42620001B6364 /* Frameworks */ = {
			isa = PBXFrameworksBuildPhase;
			buildActionMask = 2147483647;
			files = (
			);
			runOnlyForDeploymentPostprocessing = 0;
		};
/* End PBXFrameworksBuildPhase section */

/* Begin PBXGroup section */
		F9565AC52CD4261E001B6364 = {
			isa = PBXGroup;
			children = (
				F9565AD02CD4261E001B6364 /* FanMonitor */,
				F9565AE22CD42620001B6364 /* FanMonitorTests */,
				F9565AEC2CD42620001B6364 /* FanMonitorUITests */,
				F9565ACF2CD4261E001B6364 /* Products */,
			);
			sourceTree = "<group>";
		};
		F9565ACF2CD4261E001B6364 /* Products */ = {
			isa = PBXGroup;
			children = (
				F9565ACE2CD4261E001B6364 /* FanMonitor.app */,
				F9565ADF2CD42620001B6364 /* FanMonitorTests.xctest */,
				F9565AE92CD42620001B6364 /* FanMonitorUITests.xctest */,
			);
			name = Products;
			sourceTree = "<group>";
		};
/* End PBXGroup section */

/* Begin PBXNativeTarget section */
		F9565ACD2CD4261E001B6364 /* FanMonitor */ = {
			isa = PBXNativeTarget;
			buildConfigurationList = F9565AF32CD42620001B6364 /* Build configuration list for PBXNativeTarget "FanMonitor" */;
			buildPhases = (
				F9565ACA2CD4261E001B6364 /* Sources */,
				F9565ACB2CD4261E001B6364 /* Frameworks */,
				F9565ACC2CD4261E001B6364 /* Resources */,
			);
			buildRules = (
			);
			dependencies = (
			);
			fileSystemSynchronizedGroups = (
				F9565AD02CD4261E001B6364 /* FanMonitor */,
			);
			name = FanMonitor;
			packageProductDependencies = (
			);
			productName = FanMonitor;
			productReference = F9565ACE2CD4261E001B6364 /* FanMonitor.app */;
			productType = "com.apple.product-type.application";
		};
		F9565ADE2CD42620001B6364 /* FanMonitorTests */ = {
			isa = PBXNativeTarget;
			buildConfigurationList = F9565AF62CD42620001B6364 /* Build configuration list for PBXNativeTarget "FanMonitorTests" */;
			buildPhases = (
				F9565ADB2CD42620001B6364 /* Sources */,
				F9565ADC2CD42620001B6364 /* Frameworks */,
				F9565ADD2CD42620001B6364 /* Resources */,
			);
			buildRules = (
			);
			dependencies = (
				F9565AE12CD42620001B6364 /* PBXTargetDependency */,
			);
			fileSystemSynchronizedGroups = (
				F9565AE22CD42620001B6364 /* FanMonitorTests */,
			);
			name = FanMonitorTests;
			packageProductDependencies = (
			);
			productName = FanMonitorTests;
			productReference = F9565ADF2CD42620001B6364 /* FanMonitorTests.xctest */;
			productType = "com.apple.product-type.bundle.unit-test";
		};
		F9565AE82CD42620001B6364 /* FanMonitorUITests */ = {
			isa = PBXNativeTarget;
			buildConfigurationList = F9565AF92CD42620001B6364 /* Build configuration list for PBXNativeTarget "FanMonitorUITests" */;
			buildPhases = (
				F9565AE52CD42620001B6364 /* Sources */,
				F9565AE62CD42620001B6364 /* Frameworks */,
				F9565AE72CD42620001B6364 /* Resources */,
			);
			buildRules = (
			);
			dependencies = (
				F9565AEB2CD42620001B6364 /* PBXTargetDependency */,
			);
			fileSystemSynchronizedGroups = (
				F9565AEC2CD42620001B6364 /* FanMonitorUITests */,
			);
			name = FanMonitorUITests;
			packageProductDependencies = (
			);
			productName = FanMonitorUITests;
			productReference = F9565AE92CD42620001B6364 /* FanMonitorUITests.xctest */;
			productType = "com.apple.product-type.bundle.ui-testing";
		};
/* End PBXNativeTarget section */

/* Begin PBXProject section */
		F9565AC62CD4261E001B6364 /* Project object */ = {
			isa = PBXProject;
			attributes = {
				BuildIndependentTargetsInParallel = 1;
				LastSwiftUpdateCheck = 1600;
				LastUpgradeCheck = 1600;
				TargetAttributes = {
					F9565ACD2CD4261E001B6364 = {
						CreatedOnToolsVersion = 16.0;
					};
					F9565ADE2CD42620001B6364 = {
						CreatedOnToolsVersion = 16.0;
						TestTargetID = F9565ACD2CD4261E001B6364;
					};
					F9565AE82CD42620001B6364 = {
						CreatedOnToolsVersion = 16.0;
						TestTargetID = F9565ACD2CD4261E001B6364;
					};
				};
			};
			buildConfigurationList = F9565AC92CD4261E001B6364 /* Build configuration list for PBXProject "FanMonitor" */;
			developmentRegion = en;
			hasScannedForEncodings = 0;
			knownRegions = (
				en,
				Base,
			);
			mainGroup = F9565AC52CD4261E001B6364;
			minimizedProjectReferenceProxies = 1;
			preferredProjectObjectVersion = 77;
			productRefGroup = F9565ACF2CD4261E001B6364 /* Products */;
			projectDirPath = "";
			projectRoot = "";
			targets = (
				F9565ACD2CD4261E001B6364 /* FanMonitor */,
				F9565ADE2CD42620001B6364 /* FanMonitorTests */,
				F9565AE82CD42620001B6364 /* FanMonitorUITests */,
			);
		};
/* End PBXProject section */

/* Begin PBXResourcesBuildPhase section */
		F9565ACC2CD4261E001B6364 /* Resources */ = {
			isa = PBXResourcesBuildPhase;
			buildActionMask = 2147483647;
			files = (
			);
			runOnlyForDeploymentPostprocessing = 0;
		};
		F9565ADD2CD42620001B6364 /* Resources */ = {
			isa = PBXResourcesBuildPhase;
			buildActionMask = 2147483647;
			files = (
			);
			runOnlyForDeploymentPostprocessing = 0;
		};
		F9565AE72CD42620001B6364 /* Resources */ = {
			isa = PBXResourcesBuildPhase;
			buildActionMask = 2147483647;
			files = (
			);
			runOnlyForDeploymentPostprocessing = 0;
		};
/* End PBXResourcesBuildPhase section */

/* Begin PBXSourcesBuildPhase section */
		F9565ACA2CD4261E001B6364 /* Sources */ = {
			isa = PBXSourcesBuildPhase;
			buildActionMask = 2147483647;
			files = (
			);
			runOnlyForDeploymentPostprocessing = 0;
		};
		F9565ADB2CD42620001B6364 /* Sources */ = {
			isa = PBXSourcesBuildPhase;
			buildActionMask = 2147483647;
			files = (
			);
			runOnlyForDeploymentPostprocessing = 0;
		};
		F9565AE52CD42620001B6364 /* Sources */ = {
			isa = PBXSourcesBuildPhase;
			buildActionMask = 2147483647;
			files = (
			);
			runOnlyForDeploymentPostprocessing = 0;
		};
/* End PBXSourcesBuildPhase section */

/* Begin PBXTargetDependency section */
		F9565AE12CD42620001B6364 /* PBXTargetDependency */ = {
			isa = PBXTargetDependency;
			target = F9565ACD2CD4261E001B6364 /* FanMonitor */;
			targetProxy = F9565AE02CD42620001B6364 /* PBXContainerItemProxy */;
		};
		F9565AEB2CD42620001B6364 /* PBXTargetDependency */ = {
			isa = PBXTargetDependency;
			target = F9565ACD2CD4261E001B6364 /* FanMonitor */;
			targetProxy = F9565AEA2CD42620001B6364 /* PBXContainerItemProxy */;
		};
/* End PBXTargetDependency section */

/* Begin XCBuildConfiguration section */
		F9565AF12CD42620001B6364 /* Debug */ = {
			isa = XCBuildConfiguration;
			buildSettings = {
				ALWAYS_SEARCH_USER_PATHS = NO;
				ASSETCATALOG_COMPILER_GENERATE_SWIFT_ASSET_SYMBOL_EXTENSIONS = YES;
				CLANG_ANALYZER_NONNULL = YES;
				CLANG_ANALYZER_NUMBER_OBJECT_CONVERSION = YES_AGGRESSIVE;
				CLANG_CXX_LANGUAGE_STANDARD = "gnu++20";
				CLANG_ENABLE_MODULES = YES;
				CLANG_ENABLE_OBJC_ARC = YES;
				CLANG_ENABLE_OBJC_WEAK = YES;
				CLANG_WARN_BLOCK_CAPTURE_AUTORELEASING = YES;
				CLANG_WARN_BOOL_CONVERSION = YES;
				CLANG_WARN_COMMA = YES;
				CLANG_WARN_CONSTANT_CONVERSION = YES;
				CLANG_WARN_DEPRECATED_OBJC_IMPLEMENTATIONS = YES;
				CLANG_WARN_DIRECT_OBJC_ISA_USAGE = YES_ERROR;
				CLANG_WARN_DOCUMENTATION_COMMENTS = YES;
				CLANG_WARN_EMPTY_BODY = YES;
				CLANG_WARN_ENUM_CONVERSION = YES;
				CLANG_WARN_INFINITE_RECURSION = YES;
				CLANG_WARN_INT_CONVERSION = YES;
				CLANG_WARN_NON_LITERAL_NULL_CONVERSION = YES;
				CLANG_WARN_OBJC_IMPLICIT_RETAIN_SELF = YES;
				CLANG_WARN_OBJC_LITERAL_CONVERSION = YES;
				CLANG_WARN_OBJC_ROOT_CLASS = YES_ERROR;
				CLANG_WARN_QUOTED_INCLUDE_IN_FRAMEWORK_HEADER = YES;
				CLANG_WARN_RANGE_LOOP_ANALYSIS = YES;
				CLANG_WARN_STRICT_PROTOTYPES = YES;
				CLANG_WARN_SUSPICIOUS_MOVE = YES;
				CLANG_WARN_UNGUARDED_AVAILABILITY = YES_AGGRESSIVE;
				CLANG_WARN_UNREACHABLE_CODE = YES;
				CLANG_WARN__DUPLICATE_METHOD_MATCH = YES;
				COPY_PHASE_STRIP = NO;
				DEBUG_INFORMATION_FORMAT = dwarf;
				ENABLE_STRICT_OBJC_MSGSEND = YES;
				ENABLE_TESTABILITY = YES;
				ENABLE_USER_SCRIPT_SANDBOXING = YES;
				GCC_C_LANGUAGE_STANDARD = gnu17;
				GCC_DYNAMIC_NO_PIC = NO;
				GCC_NO_COMMON_BLOCKS = YES;
				GCC_OPTIMIZATION_LEVEL = 0;
				GCC_PREPROCESSOR_DEFINITIONS = (
					"DEBUG=1",
					"$(inherited)",
				);
				GCC_WARN_64_TO_32_BIT_CONVERSION = YES;
				GCC_WARN_ABOUT_RETURN_TYPE = YES_ERROR;
				GCC_WARN_UNDECLARED_SELECTOR = YES;
				GCC_WARN_UNINITIALIZED_AUTOS = YES_AGGRESSIVE;
				GCC_WARN_UNUSED_FUNCTION = YES;
				GCC_WARN_UNUSED_VARIABLE = YES;
				LOCALIZATION_PREFERS_STRING_CATALOGS = YES;
				MACOSX_DEPLOYMENT_TARGET = 15.0;
				MTL_ENABLE_DEBUG_INFO = INCLUDE_SOURCE;
				MTL_FAST_MATH = YES;
				ONLY_ACTIVE_ARCH = YES;
				SDKROOT = macosx;
				SWIFT_ACTIVE_COMPILATION_CONDITIONS = "DEBUG $(inherited)";
				SWIFT_OPTIMIZATION_LEVEL = "-Onone";
			};
			name = Debug;
		};
		F9565AF22CD42620001B6364 /* Release */ = {
			isa = XCBuildConfiguration;
			buildSettings = {
				ALWAYS_SEARCH_USER_PATHS = NO;
				ASSETCATALOG_COMPILER_GENERATE_SWIFT_ASSET_SYMBOL_EXTENSIONS = YES;
				CLANG_ANALYZER_NONNULL = YES;
				CLANG_ANALYZER_NUMBER_OBJECT_CONVERSION = YES_AGGRESSIVE;
				CLANG_CXX_LANGUAGE_STANDARD = "gnu++20";
				CLANG_ENABLE_MODULES = YES;
				CLANG_ENABLE_OBJC_ARC = YES;
				CLANG_ENABLE_OBJC_WEAK = YES;
				CLANG_WARN_BLOCK_CAPTURE_AUTORELEASING = YES;
				CLANG_WARN_BOOL_CONVERSION = YES;
				CLANG_WARN_COMMA = YES;
				CLANG_WARN_CONSTANT_CONVERSION = YES;
				CLANG_WARN_DEPRECATED_OBJC_IMPLEMENTATIONS = YES;
				CLANG_WARN_DIRECT_OBJC_ISA_USAGE = YES_ERROR;
				CLANG_WARN_DOCUMENTATION_COMMENTS = YES;
				CLANG_WARN_EMPTY_BODY = YES;
				CLANG_WARN_ENUM_CONVERSION = YES;
				CLANG_WARN_INFINITE_RECURSION = YES;
				CLANG_WARN_INT_CONVERSION = YES;
				CLANG_WARN_NON_LITERAL_NULL_CONVERSION = YES;
				CLANG_WARN_OBJC_IMPLICIT_RETAIN_SELF = YES;
				CLANG_WARN_OBJC_LITERAL_CONVERSION = YES;
				CLANG_WARN_OBJC_ROOT_CLASS = YES_ERROR;
				CLANG_WARN_QUOTED_INCLUDE_IN_FRAMEWORK_HEADER = YES;
				CLANG_WARN_RANGE_LOOP_ANALYSIS = YES;
				CLANG_WARN_STRICT_PROTOTYPES = YES;
				CLANG_WARN_SUSPICIOUS_MOVE = YES;
				CLANG_WARN_UNGUARDED_AVAILABILITY = YES_AGGRESSIVE;
				CLANG_WARN_UNREACHABLE_CODE = YES;
				CLANG_WARN__DUPLICATE_METHOD_MATCH = YES;
				COPY_PHASE_STRIP = NO;
				DEBUG_INFORMATION_FORMAT = "dwarf-with-dsym";
				ENABLE_NS_ASSERTIONS = NO;
				ENABLE_STRICT_OBJC_MSGSEND = YES;
				ENABLE_USER_SCRIPT_SANDBOXING = YES;
				GCC_C_LANGUAGE_STANDARD = gnu17;
				GCC_NO_COMMON_BLOCKS = YES;
				GCC_WARN_64_TO_32_BIT_CONVERSION = YES;
				GCC_WARN_ABOUT_RETURN_TYPE = YES_ERROR;
				GCC_WARN_UNDECLARED_SELECTOR = YES;
				GCC_WARN_UNINITIALIZED_AUTOS = YES_AGGRESSIVE;
				GCC_WARN_UNUSED_FUNCTION = YES;
				GCC_WARN_UNUSED_VARIABLE = YES;
				LOCALIZATION_PREFERS_STRING_CATALOGS = YES;
				MACOSX_DEPLOYMENT_TARGET = 15.0;
				MTL_ENABLE_DEBUG_INFO = NO;
				MTL_FAST_MATH = YES;
				SDKROOT = macosx;
				SWIFT_COMPILATION_MODE = wholemodule;
			};
			name = Release;
		};
		F9565AF42CD42620001B6364 /* Debug */ = {
			isa = XCBuildConfiguration;
			buildSettings = {
				ASSETCATALOG_COMPILER_APPICON_NAME = AppIcon;
				ASSETCATALOG_COMPILER_GLOBAL_ACCENT_COLOR_NAME = AccentColor;
				CODE_SIGN_ENTITLEMENTS = FanMonitor/FanMonitor.entitlements;
				CODE_SIGN_STYLE = Automatic;
				COMBINE_HIDPI_IMAGES = YES;
				CURRENT_PROJECT_VERSION = 1;
				DEVELOPMENT_ASSET_PATHS = "\"FanMonitor/Preview Content\"";
				ENABLE_PREVIEWS = YES;
				GENERATE_INFOPLIST_FILE = YES;
				INFOPLIST_KEY_NSHumanReadableCopyright = "";
				LD_RUNPATH_SEARCH_PATHS = (
					"$(inherited)",
					"@executable_path/../Frameworks",
				);
				MARKETING_VERSION = 1.0;
				PRODUCT_BUNDLE_IDENTIFIER = com.ZericLi.FanMonitor;
				PRODUCT_NAME = "$(TARGET_NAME)";
				SWIFT_EMIT_LOC_STRINGS = YES;
				SWIFT_VERSION = 5.0;
			};
			name = Debug;
		};
		F9565AF52CD42620001B6364 /* Release */ = {
			isa = XCBuildConfiguration;
			buildSettings = {
				ASSETCATALOG_COMPILER_APPICON_NAME = AppIcon;
				ASSETCATALOG_COMPILER_GLOBAL_ACCENT_COLOR_NAME = AccentColor;
				CODE_SIGN_ENTITLEMENTS = FanMonitor/FanMonitor.entitlements;
				CODE_SIGN_STYLE = Automatic;
				COMBINE_HIDPI_IMAGES = YES;
				CURRENT_PROJECT_VERSION = 1;
				DEVELOPMENT_ASSET_PATHS = "\"FanMonitor/Preview Content\"";
				ENABLE_PREVIEWS = YES;
				GENERATE_INFOPLIST_FILE = YES;
				INFOPLIST_KEY_NSHumanReadableCopyright = "";
				LD_RUNPATH_SEARCH_PATHS = (
					"$(inherited)",
					"@executable_path/../Frameworks",
				);
				MARKETING_VERSION = 1.0;
				PRODUCT_BUNDLE_IDENTIFIER = com.ZericLi.FanMonitor;
				PRODUCT_NAME = "$(TARGET_NAME)";
				SWIFT_EMIT_LOC_STRINGS = YES;
				SWIFT_VERSION = 5.0;
			};
			name = Release;
		};
		F9565AF72CD42620001B6364 /* Debug */ = {
			isa = XCBuildConfiguration;
			buildSettings = {
				BUNDLE_LOADER = "$(TEST_HOST)";
				CODE_SIGN_STYLE = Automatic;
				CURRENT_PROJECT_VERSION = 1;
				GENERATE_INFOPLIST_FILE = YES;
				MACOSX_DEPLOYMENT_TARGET = 15.0;
				MARKETING_VERSION = 1.0;
				PRODUCT_BUNDLE_IDENTIFIER = com.ZericLi.FanMonitorTests;
				PRODUCT_NAME = "$(TARGET_NAME)";
				SWIFT_EMIT_LOC_STRINGS = NO;
				SWIFT_VERSION = 5.0;
				TEST_HOST = "$(BUILT_PRODUCTS_DIR)/FanMonitor.app/$(BUNDLE_EXECUTABLE_FOLDER_PATH)/FanMonitor";
			};
			name = Debug;
		};
		F9565AF82CD42620001B6364 /* Release */ = {
			isa = XCBuildConfiguration;
			buildSettings = {
				BUNDLE_LOADER = "$(TEST_HOST)";
				CODE_SIGN_STYLE = Automatic;
				CURRENT_PROJECT_VERSION = 1;
				GENERATE_INFOPLIST_FILE = YES;
				MACOSX_DEPLOYMENT_TARGET = 15.0;
				MARKETING_VERSION = 1.0;
				PRODUCT_BUNDLE_IDENTIFIER = com.ZericLi.FanMonitorTests;
				PRODUCT_NAME = "$(TARGET_NAME)";
				SWIFT_EMIT_LOC_STRINGS = NO;
				SWIFT_VERSION = 5.0;
				TEST_HOST = "$(BUILT_PRODUCTS_DIR)/FanMonitor.app/$(BUNDLE_EXECUTABLE_FOLDER_PATH)/FanMonitor";
			};
			name = Release;
		};
		F9565AFA2CD42620001B6364 /* Debug */ = {
			isa = XCBuildConfiguration;
			buildSettings = {
				CODE_SIGN_STYLE = Automatic;
				CURRENT_PROJECT_VERSION = 1;
				GENERATE_INFOPLIST_FILE = YES;
				MARKETING_VERSION = 1.0;
				PRODUCT_BUNDLE_IDENTIFIER = com.ZericLi.FanMonitorUITests;
				PRODUCT_NAME = "$(TARGET_NAME)";
				SWIFT_EMIT_LOC_STRINGS = NO;
				SWIFT_VERSION = 5.0;
				TEST_TARGET_NAME = FanMonitor;
			};
			name = Debug;
		};
		F9565AFB2CD42620001B6364 /* Release */ = {
			isa = XCBuildConfiguration;
			buildSettings = {
				CODE_SIGN_STYLE = Automatic;
				CURRENT_PROJECT_VERSION = 1;
				GENERATE_INFOPLIST_FILE = YES;
				MARKETING_VERSION = 1.0;
				PRODUCT_BUNDLE_IDENTIFIER = com.ZericLi.FanMonitorUITests;
				PRODUCT_NAME = "$(TARGET_NAME)";
				SWIFT_EMIT_LOC_STRINGS = NO;
				SWIFT_VERSION = 5.0;
				TEST_TARGET_NAME = FanMonitor;
			};
			name = Release;
		};
/* End XCBuildConfiguration section */

/* Begin XCConfigurationList section */
		F9565AC92CD4261E001B6364 /* Build configuration list for PBXProject "FanMonitor" */ = {
			isa = XCConfigurationList;
			buildConfigurations = (
				F9565AF12CD42620001B6364 /* Debug */,
				F9565AF22CD42620001B6364 /* Release */,
			);
			defaultConfigurationIsVisible = 0;
			defaultConfigurationName = Release;
		};
		F9565AF32CD42620001B6364 /* Build configuration list for PBXNativeTarget "FanMonitor" */ = {
			isa = XCConfigurationList;
			buildConfigurations = (
				F9565AF42CD42620001B6364 /* Debug */,
				F9565AF52CD42620001B6364 /* Release */,
			);
			defaultConfigurationIsVisible = 0;
			defaultConfigurationName = Release;
		};
		F9565AF62CD42620001B6364 /* Build configuration list for PBXNativeTarget "FanMonitorTests" */ = {
			isa = XCConfigurationList;
			buildConfigurations = (
				F9565AF72CD42620001B6364 /* Debug */,
				F9565AF82CD42620001B6364 /* Release */,
			);
			defaultConfigurationIsVisible = 0;
			defaultConfigurationName = Release;
		};
		F9565AF92CD42620001B6364 /* Build configuration list for PBXNativeTarget "FanMonitorUITests" */ = {
			isa = XCConfigurationList;
			buildConfigurations = (
				F9565AFA2CD42620001B6364 /* Debug */,
				F9565AFB2CD42620001B6364 /* Release */,
			);
			defaultConfigurationIsVisible = 0;
			defaultConfigurationName = Release;
		};
/* End XCConfigurationList section */
	};
	rootObject = F9565AC62CD4261E001B6364 /* Project object */;
}
